
Microsoft Visual Studio Solution File, Format Version 12.00
# Visual Studio Version 17
VisualStudioVersion = 17.0.31903.59
MinimumVisualStudioVersion = 10.0.40219.1
Project("{2150E333-8FDC-42A3-9474-1A3956D46DE8}") = "src", "src", "{B3422104-1027-41F7-AB77-24D3C9507315}"
EndProject
Project("{FAE04EC0-301F-11D3-BF4B-00C04F79EFBC}") = "FFlow.Core", "src\FFlow.Core\FFlow.Core.csproj", "{B391A728-0FFC-495D-B84A-9EE32A51EF17}"
EndProject
Project("{FAE04EC0-301F-11D3-BF4B-00C04F79EFBC}") = "FFlow.Demo", "src\FFlow.Demo\FFlow.Demo.csproj", "{5ACDC0EA-1880-494A-A60B-56316AB7EE43}"
EndProject
Project("{FAE04EC0-301F-11D3-BF4B-00C04F79EFBC}") = "FFlow.Extensions.Microsoft.DependencyInjection", "src\FFlow.Extensions.Microsoft.DependencyInjection\FFlow.Extensions.Microsoft.DependencyInjection.csproj", "{B8300D27-66AC-4C12-AB6A-A61DF15EE01A}"
EndProject
Project("{FAE04EC0-301F-11D3-BF4B-00C04F79EFBC}") = "FFlow", "src\FFlow\FFlow.csproj", "{C1AAFD2C-CE67-4BD9-9F81-E207BC5B75A9}"
EndProject
Project("{2150E333-8FDC-42A3-9474-1A3956D46DE8}") = "tests", "tests", "{79C76222-F09C-4553-AA14-0F1448C9CC52}"
EndProject
Project("{FAE04EC0-301F-11D3-BF4B-00C04F79EFBC}") = "FFlow.Tests", "tests\FFlow.Tests\FFlow.Tests.csproj", "{BEBC264F-AEDC-4746-863F-4B172963F227}"
EndProject
Project("{FAE04EC0-301F-11D3-BF4B-00C04F79EFBC}") = "Workflow.Tests.Shared", "tests\Workflow.Tests.Shared\Workflow.Tests.Shared.csproj", "{448D5345-54B4-42A3-8528-EBE371EF0E5A}"
EndProject
Project("{FAE04EC0-301F-11D3-BF4B-00C04F79EFBC}") = "FFlow.Steps.DotNet", "src\FFlow.Steps.DotNet\FFlow.Steps.DotNet.csproj", "{5B147D02-DA1C-401B-A3BF-4FF6599EA964}"
EndProject
Project("{FAE04EC0-301F-11D3-BF4B-00C04F79EFBC}") = "FFlow.Extensions.Microsoft.DependencyInjection.Tests", "tests\FFlow.Extensions.Microsoft.DependencyInjection.Tests\FFlow.Extensions.Microsoft.DependencyInjection.Tests.csproj", "{E91B42FC-A0FE-41C1-BFE8-E31936A56930}"
EndProject
Project("{FAE04EC0-301F-11D3-BF4B-00C04F79EFBC}") = "FFlow.Validation", "src\FFlow.Validation\FFlow.Validation.csproj", "{090ED23E-9B4C-4028-B17A-FFAA3C9CE708}"
EndProject
Project("{FAE04EC0-301F-11D3-BF4B-00C04F79EFBC}") = "FFlow.Validation.Tests", "tests\FFlow.Validation.Tests\FFlow.Validation.Tests.csproj", "{AB02CFA1-8222-4C28-86A1-DB0AED0826A2}"
EndProject
Project("{FAE04EC0-301F-11D3-BF4B-00C04F79EFBC}") = "FFlow.Observability", "src\FFlow.Observability\FFlow.Observability.csproj", "{7FF1991F-275F-4B0C-895C-5049D5617545}"
EndProject
Project("{FAE04EC0-301F-11D3-BF4B-00C04F79EFBC}") = "FFlow.Steps.Shell", "src\FFlow.Steps.Shell\FFlow.Steps.Shell.csproj", "{1CC07EEB-815A-4853-8E79-35D5B8FDC607}"
EndProject
Project("{FAE04EC0-301F-11D3-BF4B-00C04F79EFBC}") = "FFlow.Scheduling", "src\FFlow.Scheduling\FFlow.Scheduling.csproj", "{6CEF6B89-7F5A-4DB8-88FF-C15D2ED22C29}"
EndProject
Project("{FAE04EC0-301F-11D3-BF4B-00C04F79EFBC}") = "FFlow.Cli", "src\FFlow.Cli\FFlow.Cli.csproj", "{FDF98330-EF28-4280-BAFF-4368EFC11157}"
EndProject
Project("{FAE04EC0-301F-11D3-BF4B-00C04F79EFBC}") = "FFlow.Steps.SFTP", "src\FFlow.Steps.SFTP\FFlow.Steps.SFTP.csproj", "{A79BACE8-68C1-4FA5-A1FB-40EAF3354967}"
EndProject
Project("{FAE04EC0-301F-11D3-BF4B-00C04F79EFBC}") = "FFlow.Steps.DotNet.SourceGenerators", "src\FFlow.Steps.DotNet.SourceGenerators\FFlow.Steps.DotNet.SourceGenerators.csproj", "{C6FFB9D2-703C-4BB2-8EF6-528D001E6268}"
EndProject
Project("{FAE04EC0-301F-11D3-BF4B-00C04F79EFBC}") = "FFlow.Steps.Http", "src\FFlow.Steps.Http\FFlow.Steps.Http.csproj", "{1F64792D-A0A2-4E9A-A80D-9054D316AD30}"
EndProject
Project("{FAE04EC0-301F-11D3-BF4B-00C04F79EFBC}") = "FFlow.Tests.Steps.Http", "tests\FFlow.Tests.Steps.Http\FFlow.Tests.Steps.Http.csproj", "{4D4C5831-9592-443E-84F2-31E5D179BC30}"
EndProject
Project("{FAE04EC0-301F-11D3-BF4B-00C04F79EFBC}") = "FFlow.Steps.Git", "FFlow.Steps.Git\FFlow.Steps.Git.csproj", "{69779345-F6A1-4B5E-B36B-0671F9959B97}"
EndProject
Global
	GlobalSection(SolutionConfigurationPlatforms) = preSolution
		Debug|Any CPU = Debug|Any CPU
		Release|Any CPU = Release|Any CPU
	EndGlobalSection
	GlobalSection(SolutionProperties) = preSolution
		HideSolutionNode = FALSE
	EndGlobalSection
	GlobalSection(ProjectConfigurationPlatforms) = postSolution
		{B391A728-0FFC-495D-B84A-9EE32A51EF17}.Debug|Any CPU.ActiveCfg = Debug|Any CPU
		{B391A728-0FFC-495D-B84A-9EE32A51EF17}.Debug|Any CPU.Build.0 = Debug|Any CPU
		{B391A728-0FFC-495D-B84A-9EE32A51EF17}.Release|Any CPU.ActiveCfg = Release|Any CPU
		{B391A728-0FFC-495D-B84A-9EE32A51EF17}.Release|Any CPU.Build.0 = Release|Any CPU
		{5ACDC0EA-1880-494A-A60B-56316AB7EE43}.Debug|Any CPU.ActiveCfg = Debug|Any CPU
		{5ACDC0EA-1880-494A-A60B-56316AB7EE43}.Debug|Any CPU.Build.0 = Debug|Any CPU
		{5ACDC0EA-1880-494A-A60B-56316AB7EE43}.Release|Any CPU.ActiveCfg = Release|Any CPU
		{5ACDC0EA-1880-494A-A60B-56316AB7EE43}.Release|Any CPU.Build.0 = Release|Any CPU
		{B8300D27-66AC-4C12-AB6A-A61DF15EE01A}.Debug|Any CPU.ActiveCfg = Debug|Any CPU
		{B8300D27-66AC-4C12-AB6A-A61DF15EE01A}.Debug|Any CPU.Build.0 = Debug|Any CPU
		{B8300D27-66AC-4C12-AB6A-A61DF15EE01A}.Release|Any CPU.ActiveCfg = Release|Any CPU
		{B8300D27-66AC-4C12-AB6A-A61DF15EE01A}.Release|Any CPU.Build.0 = Release|Any CPU
		{C1AAFD2C-CE67-4BD9-9F81-E207BC5B75A9}.Debug|Any CPU.ActiveCfg = Debug|Any CPU
		{C1AAFD2C-CE67-4BD9-9F81-E207BC5B75A9}.Debug|Any CPU.Build.0 = Debug|Any CPU
		{C1AAFD2C-CE67-4BD9-9F81-E207BC5B75A9}.Release|Any CPU.ActiveCfg = Release|Any CPU
		{C1AAFD2C-CE67-4BD9-9F81-E207BC5B75A9}.Release|Any CPU.Build.0 = Release|Any CPU
		{BEBC264F-AEDC-4746-863F-4B172963F227}.Debug|Any CPU.ActiveCfg = Debug|Any CPU
		{BEBC264F-AEDC-4746-863F-4B172963F227}.Debug|Any CPU.Build.0 = Debug|Any CPU
		{BEBC264F-AEDC-4746-863F-4B172963F227}.Release|Any CPU.ActiveCfg = Release|Any CPU
		{BEBC264F-AEDC-4746-863F-4B172963F227}.Release|Any CPU.Build.0 = Release|Any CPU
		{448D5345-54B4-42A3-8528-EBE371EF0E5A}.Debug|Any CPU.ActiveCfg = Debug|Any CPU
		{448D5345-54B4-42A3-8528-EBE371EF0E5A}.Debug|Any CPU.Build.0 = Debug|Any CPU
		{448D5345-54B4-42A3-8528-EBE371EF0E5A}.Release|Any CPU.ActiveCfg = Release|Any CPU
		{448D5345-54B4-42A3-8528-EBE371EF0E5A}.Release|Any CPU.Build.0 = Release|Any CPU
		{5B147D02-DA1C-401B-A3BF-4FF6599EA964}.Debug|Any CPU.ActiveCfg = Debug|Any CPU
		{5B147D02-DA1C-401B-A3BF-4FF6599EA964}.Debug|Any CPU.Build.0 = Debug|Any CPU
		{5B147D02-DA1C-401B-A3BF-4FF6599EA964}.Release|Any CPU.ActiveCfg = Release|Any CPU
		{5B147D02-DA1C-401B-A3BF-4FF6599EA964}.Release|Any CPU.Build.0 = Release|Any CPU
		{E91B42FC-A0FE-41C1-BFE8-E31936A56930}.Debug|Any CPU.ActiveCfg = Debug|Any CPU
		{E91B42FC-A0FE-41C1-BFE8-E31936A56930}.Debug|Any CPU.Build.0 = Debug|Any CPU
		{E91B42FC-A0FE-41C1-BFE8-E31936A56930}.Release|Any CPU.ActiveCfg = Release|Any CPU
		{E91B42FC-A0FE-41C1-BFE8-E31936A56930}.Release|Any CPU.Build.0 = Release|Any CPU
		{090ED23E-9B4C-4028-B17A-FFAA3C9CE708}.Debug|Any CPU.ActiveCfg = Debug|Any CPU
		{090ED23E-9B4C-4028-B17A-FFAA3C9CE708}.Debug|Any CPU.Build.0 = Debug|Any CPU
		{090ED23E-9B4C-4028-B17A-FFAA3C9CE708}.Release|Any CPU.ActiveCfg = Release|Any CPU
		{090ED23E-9B4C-4028-B17A-FFAA3C9CE708}.Release|Any CPU.Build.0 = Release|Any CPU
		{AB02CFA1-8222-4C28-86A1-DB0AED0826A2}.Debug|Any CPU.ActiveCfg = Debug|Any CPU
		{AB02CFA1-8222-4C28-86A1-DB0AED0826A2}.Debug|Any CPU.Build.0 = Debug|Any CPU
		{AB02CFA1-8222-4C28-86A1-DB0AED0826A2}.Release|Any CPU.ActiveCfg = Release|Any CPU
		{AB02CFA1-8222-4C28-86A1-DB0AED0826A2}.Release|Any CPU.Build.0 = Release|Any CPU
		{7FF1991F-275F-4B0C-895C-5049D5617545}.Debug|Any CPU.ActiveCfg = Debug|Any CPU
		{7FF1991F-275F-4B0C-895C-5049D5617545}.Debug|Any CPU.Build.0 = Debug|Any CPU
		{7FF1991F-275F-4B0C-895C-5049D5617545}.Release|Any CPU.ActiveCfg = Release|Any CPU
		{7FF1991F-275F-4B0C-895C-5049D5617545}.Release|Any CPU.Build.0 = Release|Any CPU
		{1CC07EEB-815A-4853-8E79-35D5B8FDC607}.Debug|Any CPU.ActiveCfg = Debug|Any CPU
		{1CC07EEB-815A-4853-8E79-35D5B8FDC607}.Debug|Any CPU.Build.0 = Debug|Any CPU
		{1CC07EEB-815A-4853-8E79-35D5B8FDC607}.Release|Any CPU.ActiveCfg = Release|Any CPU
		{1CC07EEB-815A-4853-8E79-35D5B8FDC607}.Release|Any CPU.Build.0 = Release|Any CPU
		{6CEF6B89-7F5A-4DB8-88FF-C15D2ED22C29}.Debug|Any CPU.ActiveCfg = Debug|Any CPU
		{6CEF6B89-7F5A-4DB8-88FF-C15D2ED22C29}.Debug|Any CPU.Build.0 = Debug|Any CPU
		{6CEF6B89-7F5A-4DB8-88FF-C15D2ED22C29}.Release|Any CPU.ActiveCfg = Release|Any CPU
		{6CEF6B89-7F5A-4DB8-88FF-C15D2ED22C29}.Release|Any CPU.Build.0 = Release|Any CPU
		{FDF98330-EF28-4280-BAFF-4368EFC11157}.Debug|Any CPU.ActiveCfg = Debug|Any CPU
		{FDF98330-EF28-4280-BAFF-4368EFC11157}.Debug|Any CPU.Build.0 = Debug|Any CPU
		{FDF98330-EF28-4280-BAFF-4368EFC11157}.Release|Any CPU.ActiveCfg = Release|Any CPU
		{FDF98330-EF28-4280-BAFF-4368EFC11157}.Release|Any CPU.Build.0 = Release|Any CPU
		{A79BACE8-68C1-4FA5-A1FB-40EAF3354967}.Debug|Any CPU.ActiveCfg = Debug|Any CPU
		{A79BACE8-68C1-4FA5-A1FB-40EAF3354967}.Debug|Any CPU.Build.0 = Debug|Any CPU
		{A79BACE8-68C1-4FA5-A1FB-40EAF3354967}.Release|Any CPU.ActiveCfg = Release|Any CPU
		{A79BACE8-68C1-4FA5-A1FB-40EAF3354967}.Release|Any CPU.Build.0 = Release|Any CPU
		{C6FFB9D2-703C-4BB2-8EF6-528D001E6268}.Debug|Any CPU.ActiveCfg = Debug|Any CPU
		{C6FFB9D2-703C-4BB2-8EF6-528D001E6268}.Debug|Any CPU.Build.0 = Debug|Any CPU
		{C6FFB9D2-703C-4BB2-8EF6-528D001E6268}.Release|Any CPU.ActiveCfg = Release|Any CPU
		{C6FFB9D2-703C-4BB2-8EF6-528D001E6268}.Release|Any CPU.Build.0 = Release|Any CPU
		{1F64792D-A0A2-4E9A-A80D-9054D316AD30}.Debug|Any CPU.ActiveCfg = Debug|Any CPU
		{1F64792D-A0A2-4E9A-A80D-9054D316AD30}.Debug|Any CPU.Build.0 = Debug|Any CPU
		{1F64792D-A0A2-4E9A-A80D-9054D316AD30}.Release|Any CPU.ActiveCfg = Release|Any CPU
		{1F64792D-A0A2-4E9A-A80D-9054D316AD30}.Release|Any CPU.Build.0 = Release|Any CPU
		{4D4C5831-9592-443E-84F2-31E5D179BC30}.Debug|Any CPU.ActiveCfg = Debug|Any CPU
		{4D4C5831-9592-443E-84F2-31E5D179BC30}.Debug|Any CPU.Build.0 = Debug|Any CPU
		{4D4C5831-9592-443E-84F2-31E5D179BC30}.Release|Any CPU.ActiveCfg = Release|Any CPU
		{4D4C5831-9592-443E-84F2-31E5D179BC30}.Release|Any CPU.Build.0 = Release|Any CPU
		{69779345-F6A1-4B5E-B36B-0671F9959B97}.Debug|Any CPU.ActiveCfg = Debug|Any CPU
		{69779345-F6A1-4B5E-B36B-0671F9959B97}.Debug|Any CPU.Build.0 = Debug|Any CPU
		{69779345-F6A1-4B5E-B36B-0671F9959B97}.Release|Any CPU.ActiveCfg = Release|Any CPU
		{69779345-F6A1-4B5E-B36B-0671F9959B97}.Release|Any CPU.Build.0 = Release|Any CPU
	EndGlobalSection
	GlobalSection(NestedProjects) = preSolution
		{B391A728-0FFC-495D-B84A-9EE32A51EF17} = {B3422104-1027-41F7-AB77-24D3C9507315}
		{5ACDC0EA-1880-494A-A60B-56316AB7EE43} = {B3422104-1027-41F7-AB77-24D3C9507315}
		{B8300D27-66AC-4C12-AB6A-A61DF15EE01A} = {B3422104-1027-41F7-AB77-24D3C9507315}
		{C1AAFD2C-CE67-4BD9-9F81-E207BC5B75A9} = {B3422104-1027-41F7-AB77-24D3C9507315}
		{BEBC264F-AEDC-4746-863F-4B172963F227} = {79C76222-F09C-4553-AA14-0F1448C9CC52}
		{448D5345-54B4-42A3-8528-EBE371EF0E5A} = {79C76222-F09C-4553-AA14-0F1448C9CC52}
		{5B147D02-DA1C-401B-A3BF-4FF6599EA964} = {B3422104-1027-41F7-AB77-24D3C9507315}
		{E91B42FC-A0FE-41C1-BFE8-E31936A56930} = {79C76222-F09C-4553-AA14-0F1448C9CC52}
		{090ED23E-9B4C-4028-B17A-FFAA3C9CE708} = {B3422104-1027-41F7-AB77-24D3C9507315}
		{AB02CFA1-8222-4C28-86A1-DB0AED0826A2} = {79C76222-F09C-4553-AA14-0F1448C9CC52}
		{7FF1991F-275F-4B0C-895C-5049D5617545} = {B3422104-1027-41F7-AB77-24D3C9507315}
		{1CC07EEB-815A-4853-8E79-35D5B8FDC607} = {B3422104-1027-41F7-AB77-24D3C9507315}
		{6CEF6B89-7F5A-4DB8-88FF-C15D2ED22C29} = {B3422104-1027-41F7-AB77-24D3C9507315}
		{FDF98330-EF28-4280-BAFF-4368EFC11157} = {B3422104-1027-41F7-AB77-24D3C9507315}
		{A79BACE8-68C1-4FA5-A1FB-40EAF3354967} = {B3422104-1027-41F7-AB77-24D3C9507315}
		{C6FFB9D2-703C-4BB2-8EF6-528D001E6268} = {B3422104-1027-41F7-AB77-24D3C9507315}
		{1F64792D-A0A2-4E9A-A80D-9054D316AD30} = {B3422104-1027-41F7-AB77-24D3C9507315}
		{4D4C5831-9592-443E-84F2-31E5D179BC30} = {79C76222-F09C-4553-AA14-0F1448C9CC52}
		{69779345-F6A1-4B5E-B36B-0671F9959B97} = {B3422104-1027-41F7-AB77-24D3C9507315}
	EndGlobalSection
EndGlobal
